
Microsoft Visual Studio Solution File, Format Version 12.00
# Visual Studio Version 16
VisualStudioVersion = 16.0.31321.278
MinimumVisualStudioVersion = 10.0.40219.1
Project("{FAE04EC0-301F-11D3-BF4B-00C04F79EFBC}") = "HelloWorld.Core", "HelloWorld.Core\HelloWorld.Core.csproj", "{A193CDE9-A82D-4522-A86D-9208F16DBF30}"
EndProject
Global
	GlobalSection(SolutionConfigurationPlatforms) = preSolution
		Debug|Any CPU = Debug|Any CPU
		Release|Any CPU = Release|Any CPU
	EndGlobalSection
	GlobalSection(ProjectConfigurationPlatforms) = postSolution
		{A193CDE9-A82D-4522-A86D-9208F16DBF30}.Debug|Any CPU.ActiveCfg = Debug|Any CPU
		{A193CDE9-A82D-4522-A86D-9208F16DBF30}.Debug|Any CPU.Build.0 = Debug|Any CPU
		{A193CDE9-A82D-4522-A86D-9208F16DBF30}.Release|Any CPU.ActiveCfg = Release|Any CPU
		{A193CDE9-A82D-4522-A86D-9208F16DBF30}.Release|Any CPU.Build.0 = Release|Any CPU
	EndGlobalSection
	GlobalSection(SolutionProperties) = preSolution
		HideSolutionNode = FALSE
	EndGlobalSection
	GlobalSection(ExtensibilityGlobals) = postSolution
		SolutionGuid = {92B2EDB6-BDA8-4A8C-99EC-0993A900E6F6}
	EndGlobalSection
EndGlobal
